
Microsoft Visual Studio Solution File, Format Version 12.00
# Visual Studio 15
VisualStudioVersion = 15.0.28010.2026
MinimumVisualStudioVersion = 10.0.40219.1
Project("{FAE04EC0-301F-11D3-BF4B-00C04F79EFBC}") = "AudioPlayer", "AudioPlayer\AudioPlayer.csproj", "{3E55DDE9-83B0-44B3-B6A0-66AF05B16667}"
EndProject
Global
	GlobalSection(SolutionConfigurationPlatforms) = preSolution
		Debug|Any CPU = Debug|Any CPU
		Release|Any CPU = Release|Any CPU
	EndGlobalSection
	GlobalSection(ProjectConfigurationPlatforms) = postSolution
		{3E55DDE9-83B0-44B3-B6A0-66AF05B16667}.Debug|Any CPU.ActiveCfg = Debug|Any CPU
		{3E55DDE9-83B0-44B3-B6A0-66AF05B16667}.Debug|Any CPU.Build.0 = Debug|Any CPU
		{3E55DDE9-83B0-44B3-B6A0-66AF05B16667}.Release|Any CPU.ActiveCfg = Release|Any CPU
		{3E55DDE9-83B0-44B3-B6A0-66AF05B16667}.Release|Any CPU.Build.0 = Release|Any CPU
	EndGlobalSection
	GlobalSection(SolutionProperties) = preSolution
		HideSolutionNode = FALSE
	EndGlobalSection
	GlobalSection(ExtensibilityGlobals) = postSolution
		SolutionGuid = {91E8A04C-4C88-4812-81D4-7FAF1A630258}
	EndGlobalSection
EndGlobal
